// !$*UTF8*$!
{
	archiveVersion = 1;
	classes = {
	};
	objectVersion = 50;
	objects = {

/* Begin PBXBuildFile section */
		C171DD5225EA1EA700A52DE0 /* AppDelegate.swift in Sources */ = {isa = PBXBuildFile; fileRef = C171DD5125EA1EA700A52DE0 /* AppDelegate.swift */; };
		C171DD5425EA1EA700A52DE0 /* SceneDelegate.swift in Sources */ = {isa = PBXBuildFile; fileRef = C171DD5325EA1EA700A52DE0 /* SceneDelegate.swift */; };
		C171DD5625EA1EA700A52DE0 /* ViewController.swift in Sources */ = {isa = PBXBuildFile; fileRef = C171DD5525EA1EA700A52DE0 /* ViewController.swift */; };
		C171DD5925EA1EA700A52DE0 /* Main.storyboard in Resources */ = {isa = PBXBuildFile; fileRef = C171DD5725EA1EA700A52DE0 /* Main.storyboard */; };
		C171DD5B25EA1EA900A52DE0 /* Assets.xcassets in Resources */ = {isa = PBXBuildFile; fileRef = C171DD5A25EA1EA900A52DE0 /* Assets.xcassets */; };
		C171DD5E25EA1EA900A52DE0 /* LaunchScreen.storyboard in Resources */ = {isa = PBXBuildFile; fileRef = C171DD5C25EA1EA900A52DE0 /* LaunchScreen.storyboard */; };
		C171DD6925EA1EA900A52DE0 /* FlashcardsTests.swift in Sources */ = {isa = PBXBuildFile; fileRef = C171DD6825EA1EA900A52DE0 /* FlashcardsTests.swift */; };
		C171DD7425EA1EA900A52DE0 /* FlashcardsUITests.swift in Sources */ = {isa = PBXBuildFile; fileRef = C171DD7325EA1EA900A52DE0 /* FlashcardsUITests.swift */; };
/* End PBXBuildFile section */

/* Begin PBXContainerItemProxy section */
		C171DD6525EA1EA900A52DE0 /* PBXContainerItemProxy */ = {
			isa = PBXContainerItemProxy;
			containerPortal = C171DD4625EA1EA700A52DE0 /* Project object */;
			proxyType = 1;
			remoteGlobalIDString = C171DD4D25EA1EA700A52DE0;
			remoteInfo = Flashcards;
		};
		C171DD7025EA1EA900A52DE0 /* PBXContainerItemProxy */ = {
			isa = PBXContainerItemProxy;
			containerPortal = C171DD4625EA1EA700A52DE0 /* Project object */;
			proxyType = 1;
			remoteGlobalIDString = C171DD4D25EA1EA700A52DE0;
			remoteInfo = Flashcards;
		};
/* End PBXContainerItemProxy section */

/* Begin PBXFileReference section */
		C171DD4E25EA1EA700A52DE0 /* Flashcards.app */ = {isa = PBXFileReference; explicitFileType = wrapper.application; includeInIndex = 0; path = Flashcards.app; sourceTree = BUILT_PRODUCTS_DIR; };
		C171DD5125EA1EA700A52DE0 /* AppDelegate.swift */ = {isa = PBXFileReference; lastKnownFileType = sourcecode.swift; path = AppDelegate.swift; sourceTree = "<group>"; };
		C171DD5325EA1EA700A52DE0 /* SceneDelegate.swift */ = {isa = PBXFileReference; lastKnownFileType = sourcecode.swift; path = SceneDelegate.swift; sourceTree = "<group>"; };
		C171DD5525EA1EA700A52DE0 /* ViewController.swift */ = {isa = PBXFileReference; lastKnownFileType = sourcecode.swift; path = ViewController.swift; sourceTree = "<group>"; };
		C171DD5825EA1EA700A52DE0 /* Base */ = {isa = PBXFileReference; lastKnownFileType = file.storyboard; name = Base; path = Base.lproj/Main.storyboard; sourceTree = "<group>"; };
		C171DD5A25EA1EA900A52DE0 /* Assets.xcassets */ = {isa = PBXFileReference; lastKnownFileType = folder.assetcatalog; path = Assets.xcassets; sourceTree = "<group>"; };
		C171DD5D25EA1EA900A52DE0 /* Base */ = {isa = PBXFileReference; lastKnownFileType = file.storyboard; name = Base; path = Base.lproj/LaunchScreen.storyboard; sourceTree = "<group>"; };
		C171DD5F25EA1EA900A52DE0 /* Info.plist */ = {isa = PBXFileReference; lastKnownFileType = text.plist.xml; path = Info.plist; sourceTree = "<group>"; };
		C171DD6425EA1EA900A52DE0 /* FlashcardsTests.xctest */ = {isa = PBXFileReference; explicitFileType = wrapper.cfbundle; includeInIndex = 0; path = FlashcardsTests.xctest; sourceTree = BUILT_PRODUCTS_DIR; };
		C171DD6825EA1EA900A52DE0 /* FlashcardsTests.swift */ = {isa = PBXFileReference; lastKnownFileType = sourcecode.swift; path = FlashcardsTests.swift; sourceTree = "<group>"; };
		C171DD6A25EA1EA900A52DE0 /* Info.plist */ = {isa = PBXFileReference; lastKnownFileType = text.plist.xml; path = Info.plist; sourceTree = "<group>"; };
		C171DD6F25EA1EA900A52DE0 /* FlashcardsUITests.xctest */ = {isa = PBXFileReference; explicitFileType = wrapper.cfbundle; includeInIndex = 0; path = FlashcardsUITests.xctest; sourceTree = BUILT_PRODUCTS_DIR; };
		C171DD7325EA1EA900A52DE0 /* FlashcardsUITests.swift */ = {isa = PBXFileReference; lastKnownFileType = sourcecode.swift; path = FlashcardsUITests.swift; sourceTree = "<group>"; };
		C171DD7525EA1EA900A52DE0 /* Info.plist */ = {isa = PBXFileReference; lastKnownFileType = text.plist.xml; path = Info.plist; sourceTree = "<group>"; };
/* End PBXFileReference section */

/* Begin PBXFrameworksBuildPhase section */
		C171DD4B25EA1EA700A52DE0 /* Frameworks */ = {
			isa = PBXFrameworksBuildPhase;
			buildActionMask = 2147483647;
			files = (
			);
			runOnlyForDeploymentPostprocessing = 0;
		};
		C171DD6125EA1EA900A52DE0 /* Frameworks */ = {
			isa = PBXFrameworksBuildPhase;
			buildActionMask = 2147483647;
			files = (
			);
			runOnlyForDeploymentPostprocessing = 0;
		};
		C171DD6C25EA1EA900A52DE0 /* Frameworks */ = {
			isa = PBXFrameworksBuildPhase;
			buildActionMask = 2147483647;
			files = (
			);
			runOnlyForDeploymentPostprocessing = 0;
		};
/* End PBXFrameworksBuildPhase section */

/* Begin PBXGroup section */
		C171DD4525EA1EA700A52DE0 = {
			isa = PBXGroup;
			children = (
				C171DD5025EA1EA700A52DE0 /* Flashcards */,
				C171DD6725EA1EA900A52DE0 /* FlashcardsTests */,
				C171DD7225EA1EA900A52DE0 /* FlashcardsUITests */,
				C171DD4F25EA1EA700A52DE0 /* Products */,
			);
			sourceTree = "<group>";
		};
		C171DD4F25EA1EA700A52DE0 /* Products */ = {
			isa = PBXGroup;
			children = (
				C171DD4E25EA1EA700A52DE0 /* Flashcards.app */,
				C171DD6425EA1EA900A52DE0 /* FlashcardsTests.xctest */,
				C171DD6F25EA1EA900A52DE0 /* FlashcardsUITests.xctest */,
			);
			name = Products;
			sourceTree = "<group>";
		};
		C171DD5025EA1EA700A52DE0 /* Flashcards */ = {
			isa = PBXGroup;
			children = (
				C171DD5125EA1EA700A52DE0 /* AppDelegate.swift */,
				C171DD5325EA1EA700A52DE0 /* SceneDelegate.swift */,
				C171DD5525EA1EA700A52DE0 /* ViewController.swift */,
				C171DD5725EA1EA700A52DE0 /* Main.storyboard */,
				C171DD5A25EA1EA900A52DE0 /* Assets.xcassets */,
				C171DD5C25EA1EA900A52DE0 /* LaunchScreen.storyboard */,
				C171DD5F25EA1EA900A52DE0 /* Info.plist */,
			);
			path = Flashcards;
			sourceTree = "<group>";
		};
		C171DD6725EA1EA900A52DE0 /* FlashcardsTests */ = {
			isa = PBXGroup;
			children = (
				C171DD6825EA1EA900A52DE0 /* FlashcardsTests.swift */,
				C171DD6A25EA1EA900A52DE0 /* Info.plist */,
			);
			path = FlashcardsTests;
			sourceTree = "<group>";
		};
		C171DD7225EA1EA900A52DE0 /* FlashcardsUITests */ = {
			isa = PBXGroup;
			children = (
				C171DD7325EA1EA900A52DE0 /* FlashcardsUITests.swift */,
				C171DD7525EA1EA900A52DE0 /* Info.plist */,
			);
			path = FlashcardsUITests;
			sourceTree = "<group>";
		};
/* End PBXGroup section */

/* Begin PBXNativeTarget section */
		C171DD4D25EA1EA700A52DE0 /* Flashcards */ = {
			isa = PBXNativeTarget;
			buildConfigurationList = C171DD7825EA1EA900A52DE0 /* Build configuration list for PBXNativeTarget "Flashcards" */;
			buildPhases = (
				C171DD4A25EA1EA700A52DE0 /* Sources */,
				C171DD4B25EA1EA700A52DE0 /* Frameworks */,
				C171DD4C25EA1EA700A52DE0 /* Resources */,
			);
			buildRules = (
			);
			dependencies = (
			);
			name = Flashcards;
			productName = Flashcards;
			productReference = C171DD4E25EA1EA700A52DE0 /* Flashcards.app */;
			productType = "com.apple.product-type.application";
		};
		C171DD6325EA1EA900A52DE0 /* FlashcardsTests */ = {
			isa = PBXNativeTarget;
			buildConfigurationList = C171DD7B25EA1EA900A52DE0 /* Build configuration list for PBXNativeTarget "FlashcardsTests" */;
			buildPhases = (
				C171DD6025EA1EA900A52DE0 /* Sources */,
				C171DD6125EA1EA900A52DE0 /* Frameworks */,
				C171DD6225EA1EA900A52DE0 /* Resources */,
			);
			buildRules = (
			);
			dependencies = (
				C171DD6625EA1EA900A52DE0 /* PBXTargetDependency */,
			);
			name = FlashcardsTests;
			productName = FlashcardsTests;
			productReference = C171DD6425EA1EA900A52DE0 /* FlashcardsTests.xctest */;
			productType = "com.apple.product-type.bundle.unit-test";
		};
		C171DD6E25EA1EA900A52DE0 /* FlashcardsUITests */ = {
			isa = PBXNativeTarget;
			buildConfigurationList = C171DD7E25EA1EA900A52DE0 /* Build configuration list for PBXNativeTarget "FlashcardsUITests" */;
			buildPhases = (
				C171DD6B25EA1EA900A52DE0 /* Sources */,
				C171DD6C25EA1EA900A52DE0 /* Frameworks */,
				C171DD6D25EA1EA900A52DE0 /* Resources */,
			);
			buildRules = (
			);
			dependencies = (
				C171DD7125EA1EA900A52DE0 /* PBXTargetDependency */,
			);
			name = FlashcardsUITests;
			productName = FlashcardsUITests;
			productReference = C171DD6F25EA1EA900A52DE0 /* FlashcardsUITests.xctest */;
			productType = "com.apple.product-type.bundle.ui-testing";
		};
/* End PBXNativeTarget section */

/* Begin PBXProject section */
		C171DD4625EA1EA700A52DE0 /* Project object */ = {
			isa = PBXProject;
			attributes = {
				LastSwiftUpdateCheck = 1240;
				LastUpgradeCheck = 1240;
				TargetAttributes = {
					C171DD4D25EA1EA700A52DE0 = {
						CreatedOnToolsVersion = 12.4;
					};
					C171DD6325EA1EA900A52DE0 = {
						CreatedOnToolsVersion = 12.4;
						TestTargetID = C171DD4D25EA1EA700A52DE0;
					};
					C171DD6E25EA1EA900A52DE0 = {
						CreatedOnToolsVersion = 12.4;
						TestTargetID = C171DD4D25EA1EA700A52DE0;
					};
				};
			};
			buildConfigurationList = C171DD4925EA1EA700A52DE0 /* Build configuration list for PBXProject "Flashcards" */;
			compatibilityVersion = "Xcode 9.3";
			developmentRegion = en;
			hasScannedForEncodings = 0;
			knownRegions = (
				en,
				Base,
			);
			mainGroup = C171DD4525EA1EA700A52DE0;
			productRefGroup = C171DD4F25EA1EA700A52DE0 /* Products */;
			projectDirPath = "";
			projectRoot = "";
			targets = (
				C171DD4D25EA1EA700A52DE0 /* Flashcards */,
				C171DD6325EA1EA900A52DE0 /* FlashcardsTests */,
				C171DD6E25EA1EA900A52DE0 /* FlashcardsUITests */,
			);
		};
/* End PBXProject section */

/* Begin PBXResourcesBuildPhase section */
		C171DD4C25EA1EA700A52DE0 /* Resources */ = {
			isa = PBXResourcesBuildPhase;
			buildActionMask = 2147483647;
			files = (
				C171DD5E25EA1EA900A52DE0 /* LaunchScreen.storyboard in Resources */,
				C171DD5B25EA1EA900A52DE0 /* Assets.xcassets in Resources */,
				C171DD5925EA1EA700A52DE0 /* Main.storyboard in Resources */,
			);
			runOnlyForDeploymentPostprocessing = 0;
		};
		C171DD6225EA1EA900A52DE0 /* Resources */ = {
			isa = PBXResourcesBuildPhase;
			buildActionMask = 2147483647;
			files = (
			);
			runOnlyForDeploymentPostprocessing = 0;
		};
		C171DD6D25EA1EA900A52DE0 /* Resources */ = {
			isa = PBXResourcesBuildPhase;
			buildActionMask = 2147483647;
			files = (
			);
			runOnlyForDeploymentPostprocessing = 0;
		};
/* End PBXResourcesBuildPhase section */

/* Begin PBXSourcesBuildPhase section */
		C171DD4A25EA1EA700A52DE0 /* Sources */ = {
			isa = PBXSourcesBuildPhase;
			buildActionMask = 2147483647;
			files = (
				C171DD5625EA1EA700A52DE0 /* ViewController.swift in Sources */,
				C171DD5225EA1EA700A52DE0 /* AppDelegate.swift in Sources */,
				C171DD5425EA1EA700A52DE0 /* SceneDelegate.swift in Sources */,
			);
			runOnlyForDeploymentPostprocessing = 0;
		};
		C171DD6025EA1EA900A52DE0 /* Sources */ = {
			isa = PBXSourcesBuildPhase;
			buildActionMask = 2147483647;
			files = (
				C171DD6925EA1EA900A52DE0 /* FlashcardsTests.swift in Sources */,
			);
			runOnlyForDeploymentPostprocessing = 0;
		};
		C171DD6B25EA1EA900A52DE0 /* Sources */ = {
			isa = PBXSourcesBuildPhase;
			buildActionMask = 2147483647;
			files = (
				C171DD7425EA1EA900A52DE0 /* FlashcardsUITests.swift in Sources */,
			);
			runOnlyForDeploymentPostprocessing = 0;
		};
/* End PBXSourcesBuildPhase section */

/* Begin PBXTargetDependency section */
		C171DD6625EA1EA900A52DE0 /* PBXTargetDependency */ = {
			isa = PBXTargetDependency;
			target = C171DD4D25EA1EA700A52DE0 /* Flashcards */;
			targetProxy = C171DD6525EA1EA900A52DE0 /* PBXContainerItemProxy */;
		};
		C171DD7125EA1EA900A52DE0 /* PBXTargetDependency */ = {
			isa = PBXTargetDependency;
			target = C171DD4D25EA1EA700A52DE0 /* Flashcards */;
			targetProxy = C171DD7025EA1EA900A52DE0 /* PBXContainerItemProxy */;
		};
/* End PBXTargetDependency section */

/* Begin PBXVariantGroup section */
		C171DD5725EA1EA700A52DE0 /* Main.storyboard */ = {
			isa = PBXVariantGroup;
			children = (
				C171DD5825EA1EA700A52DE0 /* Base */,
			);
			name = Main.storyboard;
			sourceTree = "<group>";
		};
		C171DD5C25EA1EA900A52DE0 /* LaunchScreen.storyboard */ = {
			isa = PBXVariantGroup;
			children = (
				C171DD5D25EA1EA900A52DE0 /* Base */,
			);
			name = LaunchScreen.storyboard;
			sourceTree = "<group>";
		};
/* End PBXVariantGroup section */

/* Begin XCBuildConfiguration section */
		C171DD7625EA1EA900A52DE0 /* Debug */ = {
			isa = XCBuildConfiguration;
			buildSettings = {
				ALWAYS_SEARCH_USER_PATHS = NO;
				CLANG_ANALYZER_NONNULL = YES;
				CLANG_ANALYZER_NUMBER_OBJECT_CONVERSION = YES_AGGRESSIVE;
				CLANG_CXX_LANGUAGE_STANDARD = "gnu++14";
				CLANG_CXX_LIBRARY = "libc++";
				CLANG_ENABLE_MODULES = YES;
				CLANG_ENABLE_OBJC_ARC = YES;
				CLANG_ENABLE_OBJC_WEAK = YES;
				CLANG_WARN_BLOCK_CAPTURE_AUTORELEASING = YES;
				CLANG_WARN_BOOL_CONVERSION = YES;
				CLANG_WARN_COMMA = YES;
				CLANG_WARN_CONSTANT_CONVERSION = YES;
				CLANG_WARN_DEPRECATED_OBJC_IMPLEMENTATIONS = YES;
				CLANG_WARN_DIRECT_OBJC_ISA_USAGE = YES_ERROR;
				CLANG_WARN_DOCUMENTATION_COMMENTS = YES;
				CLANG_WARN_EMPTY_BODY = YES;
				CLANG_WARN_ENUM_CONVERSION = YES;
				CLANG_WARN_INFINITE_RECURSION = YES;
				CLANG_WARN_INT_CONVERSION = YES;
				CLANG_WARN_NON_LITERAL_NULL_CONVERSION = YES;
				CLANG_WARN_OBJC_IMPLICIT_RETAIN_SELF = YES;
				CLANG_WARN_OBJC_LITERAL_CONVERSION = YES;
				CLANG_WARN_OBJC_ROOT_CLASS = YES_ERROR;
				CLANG_WARN_QUOTED_INCLUDE_IN_FRAMEWORK_HEADER = YES;
				CLANG_WARN_RANGE_LOOP_ANALYSIS = YES;
				CLANG_WARN_STRICT_PROTOTYPES = YES;
				CLANG_WARN_SUSPICIOUS_MOVE = YES;
				CLANG_WARN_UNGUARDED_AVAILABILITY = YES_AGGRESSIVE;
				CLANG_WARN_UNREACHABLE_CODE = YES;
				CLANG_WARN__DUPLICATE_METHOD_MATCH = YES;
				COPY_PHASE_STRIP = NO;
				DEBUG_INFORMATION_FORMAT = dwarf;
				ENABLE_STRICT_OBJC_MSGSEND = YES;
				ENABLE_TESTABILITY = YES;
				GCC_C_LANGUAGE_STANDARD = gnu11;
				GCC_DYNAMIC_NO_PIC = NO;
				GCC_NO_COMMON_BLOCKS = YES;
				GCC_OPTIMIZATION_LEVEL = 0;
				GCC_PREPROCESSOR_DEFINITIONS = (
					"DEBUG=1",
					"$(inherited)",
				);
				GCC_WARN_64_TO_32_BIT_CONVERSION = YES;
				GCC_WARN_ABOUT_RETURN_TYPE = YES_ERROR;
				GCC_WARN_UNDECLARED_SELECTOR = YES;
				GCC_WARN_UNINITIALIZED_AUTOS = YES_AGGRESSIVE;
				GCC_WARN_UNUSED_FUNCTION = YES;
				GCC_WARN_UNUSED_VARIABLE = YES;
				IPHONEOS_DEPLOYMENT_TARGET = 14.4;
				MTL_ENABLE_DEBUG_INFO = INCLUDE_SOURCE;
				MTL_FAST_MATH = YES;
				ONLY_ACTIVE_ARCH = YES;
				SDKROOT = iphoneos;
				SWIFT_ACTIVE_COMPILATION_CONDITIONS = DEBUG;
				SWIFT_OPTIMIZATION_LEVEL = "-Onone";
			};
			name = Debug;
		};
		C171DD7725EA1EA900A52DE0 /* Release */ = {
			isa = XCBuildConfiguration;
			buildSettings = {
				ALWAYS_SEARCH_USER_PATHS = NO;
				CLANG_ANALYZER_NONNULL = YES;
				CLANG_ANALYZER_NUMBER_OBJECT_CONVERSION = YES_AGGRESSIVE;
				CLANG_CXX_LANGUAGE_STANDARD = "gnu++14";
				CLANG_CXX_LIBRARY = "libc++";
				CLANG_ENABLE_MODULES = YES;
				CLANG_ENABLE_OBJC_ARC = YES;
				CLANG_ENABLE_OBJC_WEAK = YES;
				CLANG_WARN_BLOCK_CAPTURE_AUTORELEASING = YES;
				CLANG_WARN_BOOL_CONVERSION = YES;
				CLANG_WARN_COMMA = YES;
				CLANG_WARN_CONSTANT_CONVERSION = YES;
				CLANG_WARN_DEPRECATED_OBJC_IMPLEMENTATIONS = YES;
				CLANG_WARN_DIRECT_OBJC_ISA_USAGE = YES_ERROR;
				CLANG_WARN_DOCUMENTATION_COMMENTS = YES;
				CLANG_WARN_EMPTY_BODY = YES;
				CLANG_WARN_ENUM_CONVERSION = YES;
				CLANG_WARN_INFINITE_RECURSION = YES;
				CLANG_WARN_INT_CONVERSION = YES;
				CLANG_WARN_NON_LITERAL_NULL_CONVERSION = YES;
				CLANG_WARN_OBJC_IMPLICIT_RETAIN_SELF = YES;
				CLANG_WARN_OBJC_LITERAL_CONVERSION = YES;
				CLANG_WARN_OBJC_ROOT_CLASS = YES_ERROR;
				CLANG_WARN_QUOTED_INCLUDE_IN_FRAMEWORK_HEADER = YES;
				CLANG_WARN_RANGE_LOOP_ANALYSIS = YES;
				CLANG_WARN_STRICT_PROTOTYPES = YES;
				CLANG_WARN_SUSPICIOUS_MOVE = YES;
				CLANG_WARN_UNGUARDED_AVAILABILITY = YES_AGGRESSIVE;
				CLANG_WARN_UNREACHABLE_CODE = YES;
				CLANG_WARN__DUPLICATE_METHOD_MATCH = YES;
				COPY_PHASE_STRIP = NO;
				DEBUG_INFORMATION_FORMAT = "dwarf-with-dsym";
				ENABLE_NS_ASSERTIONS = NO;
				ENABLE_STRICT_OBJC_MSGSEND = YES;
				GCC_C_LANGUAGE_STANDARD = gnu11;
				GCC_NO_COMMON_BLOCKS = YES;
				GCC_WARN_64_TO_32_BIT_CONVERSION = YES;
				GCC_WARN_ABOUT_RETURN_TYPE = YES_ERROR;
				GCC_WARN_UNDECLARED_SELECTOR = YES;
				GCC_WARN_UNINITIALIZED_AUTOS = YES_AGGRESSIVE;
				GCC_WARN_UNUSED_FUNCTION = YES;
				GCC_WARN_UNUSED_VARIABLE = YES;
				IPHONEOS_DEPLOYMENT_TARGET = 14.4;
				MTL_ENABLE_DEBUG_INFO = NO;
				MTL_FAST_MATH = YES;
				SDKROOT = iphoneos;
				SWIFT_COMPILATION_MODE = wholemodule;
				SWIFT_OPTIMIZATION_LEVEL = "-O";
				VALIDATE_PRODUCT = YES;
			};
			name = Release;
		};
		C171DD7925EA1EA900A52DE0 /* Debug */ = {
			isa = XCBuildConfiguration;
			buildSettings = {
				ASSETCATALOG_COMPILER_APPICON_NAME = AppIcon;
				ASSETCATALOG_COMPILER_GLOBAL_ACCENT_COLOR_NAME = AccentColor;
				CODE_SIGN_STYLE = Automatic;
				INFOPLIST_FILE = Flashcards/Info.plist;
				LD_RUNPATH_SEARCH_PATHS = (
					"$(inherited)",
					"@executable_path/Frameworks",
				);
				PRODUCT_BUNDLE_IDENTIFIER = com.Uren.Flashcards;
				PRODUCT_NAME = "$(TARGET_NAME)";
				SWIFT_VERSION = 5.0;
				TARGETED_DEVICE_FAMILY = "1,2";
			};
			name = Debug;
		};
		C171DD7A25EA1EA900A52DE0 /* Release */ = {
			isa = XCBuildConfiguration;
			buildSettings = {
				ASSETCATALOG_COMPILER_APPICON_NAME = AppIcon;
				ASSETCATALOG_COMPILER_GLOBAL_ACCENT_COLOR_NAME = AccentColor;
				CODE_SIGN_STYLE = Automatic;
				INFOPLIST_FILE = Flashcards/Info.plist;
				LD_RUNPATH_SEARCH_PATHS = (
					"$(inherited)",
					"@executable_path/Frameworks",
				);
				PRODUCT_BUNDLE_IDENTIFIER = com.Uren.Flashcards;
				PRODUCT_NAME = "$(TARGET_NAME)";
				SWIFT_VERSION = 5.0;
				TARGETED_DEVICE_FAMILY = "1,2";
			};
			name = Release;
		};
		C171DD7C25EA1EA900A52DE0 /* Debug */ = {
			isa = XCBuildConfiguration;
			buildSettings = {
				ALWAYS_EMBED_SWIFT_STANDARD_LIBRARIES = YES;
				BUNDLE_LOADER = "$(TEST_HOST)";
				CODE_SIGN_STYLE = Automatic;
				INFOPLIST_FILE = FlashcardsTests/Info.plist;
				IPHONEOS_DEPLOYMENT_TARGET = 14.4;
				LD_RUNPATH_SEARCH_PATHS = (
					"$(inherited)",
					"@executable_path/Frameworks",
					"@loader_path/Frameworks",
				);
				PRODUCT_BUNDLE_IDENTIFIER = com.Uren.FlashcardsTests;
				PRODUCT_NAME = "$(TARGET_NAME)";
				SWIFT_VERSION = 5.0;
				TARGETED_DEVICE_FAMILY = "1,2";
				TEST_HOST = "$(BUILT_PRODUCTS_DIR)/Flashcards.app/Flashcards";
			};
			name = Debug;
		};
		C171DD7D25EA1EA900A52DE0 /* Release */ = {
			isa = XCBuildConfiguration;
			buildSettings = {
				ALWAYS_EMBED_SWIFT_STANDARD_LIBRARIES = YES;
				BUNDLE_LOADER = "$(TEST_HOST)";
				CODE_SIGN_STYLE = Automatic;
				INFOPLIST_FILE = FlashcardsTests/Info.plist;
				IPHONEOS_DEPLOYMENT_TARGET = 14.4;
				LD_RUNPATH_SEARCH_PATHS = (
					"$(inherited)",
					"@executable_path/Frameworks",
					"@loader_path/Frameworks",
				);
				PRODUCT_BUNDLE_IDENTIFIER = com.Uren.FlashcardsTests;
				PRODUCT_NAME = "$(TARGET_NAME)";
				SWIFT_VERSION = 5.0;
				TARGETED_DEVICE_FAMILY = "1,2";
				TEST_HOST = "$(BUILT_PRODUCTS_DIR)/Flashcards.app/Flashcards";
			};
			name = Release;
		};
		C171DD7F25EA1EA900A52DE0 /* Debug */ = {
			isa = XCBuildConfiguration;
			buildSettings = {
				ALWAYS_EMBED_SWIFT_STANDARD_LIBRARIES = YES;
				CODE_SIGN_STYLE = Automatic;
				INFOPLIST_FILE = FlashcardsUITests/Info.plist;
				LD_RUNPATH_SEARCH_PATHS = (
					"$(inherited)",
					"@executable_path/Frameworks",
					"@loader_path/Frameworks",
				);
				PRODUCT_BUNDLE_IDENTIFIER = com.Uren.FlashcardsUITests;
				PRODUCT_NAME = "$(TARGET_NAME)";
				SWIFT_VERSION = 5.0;
				TARGETED_DEVICE_FAMILY = "1,2";
				TEST_TARGET_NAME = Flashcards;
			};
			name = Debug;
		};
		C171DD8025EA1EA900A52DE0 /* Release */ = {
			isa = XCBuildConfiguration;
			buildSettings = {
				ALWAYS_EMBED_SWIFT_STANDARD_LIBRARIES = YES;
				CODE_SIGN_STYLE = Automatic;
				INFOPLIST_FILE = FlashcardsUITests/Info.plist;
				LD_RUNPATH_SEARCH_PATHS = (
					"$(inherited)",
					"@executable_path/Frameworks",
					"@loader_path/Frameworks",
				);
				PRODUCT_BUNDLE_IDENTIFIER = com.Uren.FlashcardsUITests;
				PRODUCT_NAME = "$(TARGET_NAME)";
				SWIFT_VERSION = 5.0;
				TARGETED_DEVICE_FAMILY = "1,2";
				TEST_TARGET_NAME = Flashcards;
			};
			name = Release;
		};
/* End XCBuildConfiguration section */

/* Begin XCConfigurationList section */
		C171DD4925EA1EA700A52DE0 /* Build configuration list for PBXProject "Flashcards" */ = {
			isa = XCConfigurationList;
			buildConfigurations = (
				C171DD7625EA1EA900A52DE0 /* Debug */,
				C171DD7725EA1EA900A52DE0 /* Release */,
			);
			defaultConfigurationIsVisible = 0;
			defaultConfigurationName = Release;
		};
		C171DD7825EA1EA900A52DE0 /* Build configuration list for PBXNativeTarget "Flashcards" */ = {
			isa = XCConfigurationList;
			buildConfigurations = (
				C171DD7925EA1EA900A52DE0 /* Debug */,
				C171DD7A25EA1EA900A52DE0 /* Release */,
			);
			defaultConfigurationIsVisible = 0;
			defaultConfigurationName = Release;
		};
		C171DD7B25EA1EA900A52DE0 /* Build configuration list for PBXNativeTarget "FlashcardsTests" */ = {
			isa = XCConfigurationList;
			buildConfigurations = (
				C171DD7C25EA1EA900A52DE0 /* Debug */,
				C171DD7D25EA1EA900A52DE0 /* Release */,
			);
			defaultConfigurationIsVisible = 0;
			defaultConfigurationName = Release;
		};
		C171DD7E25EA1EA900A52DE0 /* Build configuration list for PBXNativeTarget "FlashcardsUITests" */ = {
			isa = XCConfigurationList;
			buildConfigurations = (
				C171DD7F25EA1EA900A52DE0 /* Debug */,
				C171DD8025EA1EA900A52DE0 /* Release */,
			);
			defaultConfigurationIsVisible = 0;
			defaultConfigurationName = Release;
		};
/* End XCConfigurationList section */
	};
	rootObject = C171DD4625EA1EA700A52DE0 /* Project object */;
}
